
Microsoft Visual Studio Solution File, Format Version 12.00
# Visual Studio Version 17
VisualStudioVersion = 17.13.35931.197 d17.13
MinimumVisualStudioVersion = 10.0.40219.1
Project("{FAE04EC0-301F-11D3-BF4B-00C04F79EFBC}") = "Escuchify", "Escuchify\Escuchify.csproj", "{DD2AE72C-B09C-45F5-84CC-F54C9172E7AE}"
EndProject
Global
	GlobalSection(SolutionConfigurationPlatforms) = preSolution
		Debug|Any CPU = Debug|Any CPU
		Release|Any CPU = Release|Any CPU
	EndGlobalSection
	GlobalSection(ProjectConfigurationPlatforms) = postSolution
		{DD2AE72C-B09C-45F5-84CC-F54C9172E7AE}.Debug|Any CPU.ActiveCfg = Debug|Any CPU
		{DD2AE72C-B09C-45F5-84CC-F54C9172E7AE}.Debug|Any CPU.Build.0 = Debug|Any CPU
		{DD2AE72C-B09C-45F5-84CC-F54C9172E7AE}.Release|Any CPU.ActiveCfg = Release|Any CPU
		{DD2AE72C-B09C-45F5-84CC-F54C9172E7AE}.Release|Any CPU.Build.0 = Release|Any CPU
	EndGlobalSection
	GlobalSection(SolutionProperties) = preSolution
		HideSolutionNode = FALSE
	EndGlobalSection
	GlobalSection(ExtensibilityGlobals) = postSolution
		SolutionGuid = {97B6DF1A-B51F-44F6-B732-41F7EEB42E33}
	EndGlobalSection
EndGlobal
